// !$*UTF8*$!
{
	archiveVersion = 1;
	classes = {
	};
	objectVersion = 46;
	objects = {

/* Begin PBXBuildFile section */
		9DE338C11943F01D00C8EE04 /* AppDelegate.swift in Sources */ = {isa = PBXBuildFile; fileRef = 9DE338C01943F01D00C8EE04 /* AppDelegate.swift */; };
		9DE338C41943F01D00C8EE04 /* Swift_Tester.xcdatamodeld in Sources */ = {isa = PBXBuildFile; fileRef = 9DE338C21943F01D00C8EE04 /* Swift_Tester.xcdatamodeld */; };
		9DE338C61943F01D00C8EE04 /* ViewController.swift in Sources */ = {isa = PBXBuildFile; fileRef = 9DE338C51943F01D00C8EE04 /* ViewController.swift */; };
		9DE338C91943F01D00C8EE04 /* Main.storyboard in Resources */ = {isa = PBXBuildFile; fileRef = 9DE338C71943F01D00C8EE04 /* Main.storyboard */; };
		9DE338CB1943F01D00C8EE04 /* Images.xcassets in Resources */ = {isa = PBXBuildFile; fileRef = 9DE338CA1943F01D00C8EE04 /* Images.xcassets */; };
		9DE338D71943F01D00C8EE04 /* Swift_TesterTests.swift in Sources */ = {isa = PBXBuildFile; fileRef = 9DE338D61943F01D00C8EE04 /* Swift_TesterTests.swift */; };
/* End PBXBuildFile section */

/* Begin PBXContainerItemProxy section */
		9DE338D11943F01D00C8EE04 /* PBXContainerItemProxy */ = {
			isa = PBXContainerItemProxy;
			containerPortal = 9DE338B31943F01D00C8EE04 /* Project object */;
			proxyType = 1;
			remoteGlobalIDString = 9DE338BA1943F01D00C8EE04;
			remoteInfo = "Swift Tester";
		};
/* End PBXContainerItemProxy section */

/* Begin PBXFileReference section */
		9DE338BB1943F01D00C8EE04 /* Swift Tester.app */ = {isa = PBXFileReference; explicitFileType = wrapper.application; includeInIndex = 0; path = "Swift Tester.app"; sourceTree = BUILT_PRODUCTS_DIR; };
		9DE338BF1943F01D00C8EE04 /* Info.plist */ = {isa = PBXFileReference; lastKnownFileType = text.plist.xml; path = Info.plist; sourceTree = "<group>"; };
		9DE338C01943F01D00C8EE04 /* AppDelegate.swift */ = {isa = PBXFileReference; lastKnownFileType = sourcecode.swift; path = AppDelegate.swift; sourceTree = "<group>"; };
		9DE338C31943F01D00C8EE04 /* Swift_Tester.xcdatamodel */ = {isa = PBXFileReference; lastKnownFileType = wrapper.xcdatamodel; path = Swift_Tester.xcdatamodel; sourceTree = "<group>"; };
		9DE338C51943F01D00C8EE04 /* ViewController.swift */ = {isa = PBXFileReference; lastKnownFileType = sourcecode.swift; path = ViewController.swift; sourceTree = "<group>"; };
		9DE338C81943F01D00C8EE04 /* Base */ = {isa = PBXFileReference; lastKnownFileType = file.storyboard; name = Base; path = Base.lproj/Main.storyboard; sourceTree = "<group>"; };
		9DE338CA1943F01D00C8EE04 /* Images.xcassets */ = {isa = PBXFileReference; lastKnownFileType = folder.assetcatalog; path = Images.xcassets; sourceTree = "<group>"; };
		9DE338D01943F01D00C8EE04 /* Swift TesterTests.xctest */ = {isa = PBXFileReference; explicitFileType = wrapper.cfbundle; includeInIndex = 0; path = "Swift TesterTests.xctest"; sourceTree = BUILT_PRODUCTS_DIR; };
		9DE338D51943F01D00C8EE04 /* Info.plist */ = {isa = PBXFileReference; lastKnownFileType = text.plist.xml; path = Info.plist; sourceTree = "<group>"; };
		9DE338D61943F01D00C8EE04 /* Swift_TesterTests.swift */ = {isa = PBXFileReference; lastKnownFileType = sourcecode.swift; path = Swift_TesterTests.swift; sourceTree = "<group>"; };
/* End PBXFileReference section */

/* Begin PBXFrameworksBuildPhase section */
		9DE338B81943F01D00C8EE04 /* Frameworks */ = {
			isa = PBXFrameworksBuildPhase;
			buildActionMask = 2147483647;
			files = (
			);
			runOnlyForDeploymentPostprocessing = 0;
		};
		9DE338CD1943F01D00C8EE04 /* Frameworks */ = {
			isa = PBXFrameworksBuildPhase;
			buildActionMask = 2147483647;
			files = (
			);
			runOnlyForDeploymentPostprocessing = 0;
		};
/* End PBXFrameworksBuildPhase section */

/* Begin PBXGroup section */
		9DE338B21943F01D00C8EE04 = {
			isa = PBXGroup;
			children = (
				9DE338BD1943F01D00C8EE04 /* Swift Tester */,
				9DE338D31943F01D00C8EE04 /* Swift TesterTests */,
				9DE338BC1943F01D00C8EE04 /* Products */,
			);
			sourceTree = "<group>";
		};
		9DE338BC1943F01D00C8EE04 /* Products */ = {
			isa = PBXGroup;
			children = (
				9DE338BB1943F01D00C8EE04 /* Swift Tester.app */,
				9DE338D01943F01D00C8EE04 /* Swift TesterTests.xctest */,
			);
			name = Products;
			sourceTree = "<group>";
		};
		9DE338BD1943F01D00C8EE04 /* Swift Tester */ = {
			isa = PBXGroup;
			children = (
				9DE338C01943F01D00C8EE04 /* AppDelegate.swift */,
				9DE338C51943F01D00C8EE04 /* ViewController.swift */,
				9DE338C71943F01D00C8EE04 /* Main.storyboard */,
				9DE338CA1943F01D00C8EE04 /* Images.xcassets */,
				9DE338C21943F01D00C8EE04 /* Swift_Tester.xcdatamodeld */,
				9DE338BE1943F01D00C8EE04 /* Supporting Files */,
			);
			path = "Swift Tester";
			sourceTree = "<group>";
		};
		9DE338BE1943F01D00C8EE04 /* Supporting Files */ = {
			isa = PBXGroup;
			children = (
				9DE338BF1943F01D00C8EE04 /* Info.plist */,
			);
			name = "Supporting Files";
			sourceTree = "<group>";
		};
		9DE338D31943F01D00C8EE04 /* Swift TesterTests */ = {
			isa = PBXGroup;
			children = (
				9DE338D61943F01D00C8EE04 /* Swift_TesterTests.swift */,
				9DE338D41943F01D00C8EE04 /* Supporting Files */,
			);
			path = "Swift TesterTests";
			sourceTree = "<group>";
		};
		9DE338D41943F01D00C8EE04 /* Supporting Files */ = {
			isa = PBXGroup;
			children = (
				9DE338D51943F01D00C8EE04 /* Info.plist */,
			);
			name = "Supporting Files";
			sourceTree = "<group>";
		};
/* End PBXGroup section */

/* Begin PBXNativeTarget section */
		9DE338BA1943F01D00C8EE04 /* Swift Tester */ = {
			isa = PBXNativeTarget;
			buildConfigurationList = 9DE338DA1943F01D00C8EE04 /* Build configuration list for PBXNativeTarget "Swift Tester" */;
			buildPhases = (
				9DE338B71943F01D00C8EE04 /* Sources */,
				9DE338B81943F01D00C8EE04 /* Frameworks */,
				9DE338B91943F01D00C8EE04 /* Resources */,
			);
			buildRules = (
			);
			dependencies = (
			);
			name = "Swift Tester";
			productName = "Swift Tester";
			productReference = 9DE338BB1943F01D00C8EE04 /* Swift Tester.app */;
			productType = "com.apple.product-type.application";
		};
		9DE338CF1943F01D00C8EE04 /* Swift TesterTests */ = {
			isa = PBXNativeTarget;
			buildConfigurationList = 9DE338DD1943F01D00C8EE04 /* Build configuration list for PBXNativeTarget "Swift TesterTests" */;
			buildPhases = (
				9DE338CC1943F01D00C8EE04 /* Sources */,
				9DE338CD1943F01D00C8EE04 /* Frameworks */,
				9DE338CE1943F01D00C8EE04 /* Resources */,
			);
			buildRules = (
			);
			dependencies = (
				9DE338D21943F01D00C8EE04 /* PBXTargetDependency */,
			);
			name = "Swift TesterTests";
			productName = "Swift TesterTests";
			productReference = 9DE338D01943F01D00C8EE04 /* Swift TesterTests.xctest */;
			productType = "com.apple.product-type.bundle.unit-test";
		};
/* End PBXNativeTarget section */

/* Begin PBXProject section */
		9DE338B31943F01D00C8EE04 /* Project object */ = {
			isa = PBXProject;
			attributes = {
				LastUpgradeCheck = 0600;
				ORGANIZATIONNAME = "Blake Ellingham";
				TargetAttributes = {
					9DE338BA1943F01D00C8EE04 = {
						CreatedOnToolsVersion = 6.0;
					};
					9DE338CF1943F01D00C8EE04 = {
						CreatedOnToolsVersion = 6.0;
						TestTargetID = 9DE338BA1943F01D00C8EE04;
					};
				};
			};
			buildConfigurationList = 9DE338B61943F01D00C8EE04 /* Build configuration list for PBXProject "Swift Tester" */;
			compatibilityVersion = "Xcode 3.2";
			developmentRegion = English;
			hasScannedForEncodings = 0;
			knownRegions = (
				en,
				Base,
			);
			mainGroup = 9DE338B21943F01D00C8EE04;
			productRefGroup = 9DE338BC1943F01D00C8EE04 /* Products */;
			projectDirPath = "";
			projectRoot = "";
			targets = (
				9DE338BA1943F01D00C8EE04 /* Swift Tester */,
				9DE338CF1943F01D00C8EE04 /* Swift TesterTests */,
			);
		};
/* End PBXProject section */

/* Begin PBXResourcesBuildPhase section */
		9DE338B91943F01D00C8EE04 /* Resources */ = {
			isa = PBXResourcesBuildPhase;
			buildActionMask = 2147483647;
			files = (
				9DE338C91943F01D00C8EE04 /* Main.storyboard in Resources */,
				9DE338CB1943F01D00C8EE04 /* Images.xcassets in Resources */,
			);
			runOnlyForDeploymentPostprocessing = 0;
		};
		9DE338CE1943F01D00C8EE04 /* Resources */ = {
			isa = PBXResourcesBuildPhase;
			buildActionMask = 2147483647;
			files = (
			);
			runOnlyForDeploymentPostprocessing = 0;
		};
/* End PBXResourcesBuildPhase section */

/* Begin PBXSourcesBuildPhase section */
		9DE338B71943F01D00C8EE04 /* Sources */ = {
			isa = PBXSourcesBuildPhase;
			buildActionMask = 2147483647;
			files = (
				9DE338C61943F01D00C8EE04 /* ViewController.swift in Sources */,
				9DE338C41943F01D00C8EE04 /* Swift_Tester.xcdatamodeld in Sources */,
				9DE338C11943F01D00C8EE04 /* AppDelegate.swift in Sources */,
			);
			runOnlyForDeploymentPostprocessing = 0;
		};
		9DE338CC1943F01D00C8EE04 /* Sources */ = {
			isa = PBXSourcesBuildPhase;
			buildActionMask = 2147483647;
			files = (
				9DE338D71943F01D00C8EE04 /* Swift_TesterTests.swift in Sources */,
			);
			runOnlyForDeploymentPostprocessing = 0;
		};
/* End PBXSourcesBuildPhase section */

/* Begin PBXTargetDependency section */
		9DE338D21943F01D00C8EE04 /* PBXTargetDependency */ = {
			isa = PBXTargetDependency;
			target = 9DE338BA1943F01D00C8EE04 /* Swift Tester */;
			targetProxy = 9DE338D11943F01D00C8EE04 /* PBXContainerItemProxy */;
		};
/* End PBXTargetDependency section */

/* Begin PBXVariantGroup section */
		9DE338C71943F01D00C8EE04 /* Main.storyboard */ = {
			isa = PBXVariantGroup;
			children = (
				9DE338C81943F01D00C8EE04 /* Base */,
			);
			name = Main.storyboard;
			sourceTree = "<group>";
		};
/* End PBXVariantGroup section */

/* Begin XCBuildConfiguration section */
		9DE338D81943F01D00C8EE04 /* Debug */ = {
			isa = XCBuildConfiguration;
			buildSettings = {
				ALWAYS_SEARCH_USER_PATHS = NO;
				CLANG_CXX_LANGUAGE_STANDARD = "gnu++0x";
				CLANG_CXX_LIBRARY = "libc++";
				CLANG_ENABLE_MODULES = YES;
				CLANG_ENABLE_OBJC_ARC = YES;
				CLANG_WARN_BOOL_CONVERSION = YES;
				CLANG_WARN_CONSTANT_CONVERSION = YES;
				CLANG_WARN_DIRECT_OBJC_ISA_USAGE = YES_ERROR;
				CLANG_WARN_EMPTY_BODY = YES;
				CLANG_WARN_ENUM_CONVERSION = YES;
				CLANG_WARN_INT_CONVERSION = YES;
				CLANG_WARN_OBJC_ROOT_CLASS = YES_ERROR;
				CLANG_WARN_UNREACHABLE_CODE = YES;
				CLANG_WARN__DUPLICATE_METHOD_MATCH = YES;
				"CODE_SIGN_IDENTITY[sdk=iphoneos*]" = "iPhone Developer";
				COPY_PHASE_STRIP = NO;
				ENABLE_STRICT_OBJC_MSGSEND = YES;
				GCC_C_LANGUAGE_STANDARD = gnu99;
				GCC_DYNAMIC_NO_PIC = NO;
				GCC_OPTIMIZATION_LEVEL = 0;
				GCC_PREPROCESSOR_DEFINITIONS = (
					"DEBUG=1",
					"$(inherited)",
				);
				GCC_SYMBOLS_PRIVATE_EXTERN = NO;
				GCC_WARN_64_TO_32_BIT_CONVERSION = YES;
				GCC_WARN_ABOUT_RETURN_TYPE = YES_ERROR;
				GCC_WARN_UNDECLARED_SELECTOR = YES;
				GCC_WARN_UNINITIALIZED_AUTOS = YES_AGGRESSIVE;
				GCC_WARN_UNUSED_FUNCTION = YES;
				GCC_WARN_UNUSED_VARIABLE = YES;
				IPHONEOS_DEPLOYMENT_TARGET = 8.0;
				METAL_ENABLE_DEBUG_INFO = YES;
				ONLY_ACTIVE_ARCH = YES;
				SDKROOT = iphoneos;
				SWIFT_OPTIMIZATION_LEVEL = "-Onone";
				TARGETED_DEVICE_FAMILY = "1,2";
			};
			name = Debug;
		};
		9DE338D91943F01D00C8EE04 /* Release */ = {
			isa = XCBuildConfiguration;
			buildSettings = {
				ALWAYS_SEARCH_USER_PATHS = NO;
				CLANG_CXX_LANGUAGE_STANDARD = "gnu++0x";
				CLANG_CXX_LIBRARY = "libc++";
				CLANG_ENABLE_MODULES = YES;
				CLANG_ENABLE_OBJC_ARC = YES;
				CLANG_WARN_BOOL_CONVERSION = YES;
				CLANG_WARN_CONSTANT_CONVERSION = YES;
				CLANG_WARN_DIRECT_OBJC_ISA_USAGE = YES_ERROR;
				CLANG_WARN_EMPTY_BODY = YES;
				CLANG_WARN_ENUM_CONVERSION = YES;
				CLANG_WARN_INT_CONVERSION = YES;
				CLANG_WARN_OBJC_ROOT_CLASS = YES_ERROR;
				CLANG_WARN_UNREACHABLE_CODE = YES;
				CLANG_WARN__DUPLICATE_METHOD_MATCH = YES;
				"CODE_SIGN_IDENTITY[sdk=iphoneos*]" = "iPhone Developer";
				COPY_PHASE_STRIP = YES;
				ENABLE_NS_ASSERTIONS = NO;
				ENABLE_STRICT_OBJC_MSGSEND = YES;
				GCC_C_LANGUAGE_STANDARD = gnu99;
				GCC_WARN_64_TO_32_BIT_CONVERSION = YES;
				GCC_WARN_ABOUT_RETURN_TYPE = YES_ERROR;
				GCC_WARN_UNDECLARED_SELECTOR = YES;
				GCC_WARN_UNINITIALIZED_AUTOS = YES_AGGRESSIVE;
				GCC_WARN_UNUSED_FUNCTION = YES;
				GCC_WARN_UNUSED_VARIABLE = YES;
				IPHONEOS_DEPLOYMENT_TARGET = 8.0;
				METAL_ENABLE_DEBUG_INFO = NO;
				SDKROOT = iphoneos;
				TARGETED_DEVICE_FAMILY = "1,2";
				VALIDATE_PRODUCT = YES;
			};
			name = Release;
		};
		9DE338DB1943F01D00C8EE04 /* Debug */ = {
			isa = XCBuildConfiguration;
			buildSettings = {
				ASSETCATALOG_COMPILER_APPICON_NAME = AppIcon;
				ASSETCATALOG_COMPILER_LAUNCHIMAGE_NAME = LaunchImage;
				INFOPLIST_FILE = "Swift Tester/Info.plist";
				LD_RUNPATH_SEARCH_PATHS = "$(inherited) @executable_path/Frameworks";
				PRODUCT_NAME = "$(TARGET_NAME)";
			};
			name = Debug;
		};
		9DE338DC1943F01D00C8EE04 /* Release */ = {
			isa = XCBuildConfiguration;
			buildSettings = {
				ASSETCATALOG_COMPILER_APPICON_NAME = AppIcon;
				ASSETCATALOG_COMPILER_LAUNCHIMAGE_NAME = LaunchImage;
				INFOPLIST_FILE = "Swift Tester/Info.plist";
				LD_RUNPATH_SEARCH_PATHS = "$(inherited) @executable_path/Frameworks";
				PRODUCT_NAME = "$(TARGET_NAME)";
			};
			name = Release;
		};
		9DE338DE1943F01D00C8EE04 /* Debug */ = {
			isa = XCBuildConfiguration;
			buildSettings = {
				BUNDLE_LOADER = "$(BUILT_PRODUCTS_DIR)/Swift Tester.app/Swift Tester";
				FRAMEWORK_SEARCH_PATHS = (
					"$(SDKROOT)/Developer/Library/Frameworks",
					"$(inherited)",
				);
				GCC_PREPROCESSOR_DEFINITIONS = (
					"DEBUG=1",
					"$(inherited)",
				);
				INFOPLIST_FILE = "Swift TesterTests/Info.plist";
				LD_RUNPATH_SEARCH_PATHS = "$(inherited) @executable_path/Frameworks @loader_path/Frameworks";
				METAL_ENABLE_DEBUG_INFO = YES;
				PRODUCT_NAME = "$(TARGET_NAME)";
				TEST_HOST = "$(BUNDLE_LOADER)";
			};
			name = Debug;
		};
		9DE338DF1943F01D00C8EE04 /* Release */ = {
			isa = XCBuildConfiguration;
			buildSettings = {
				BUNDLE_LOADER = "$(BUILT_PRODUCTS_DIR)/Swift Tester.app/Swift Tester";
				FRAMEWORK_SEARCH_PATHS = (
					"$(SDKROOT)/Developer/Library/Frameworks",
					"$(inherited)",
				);
				INFOPLIST_FILE = "Swift TesterTests/Info.plist";
				LD_RUNPATH_SEARCH_PATHS = "$(inherited) @executable_path/Frameworks @loader_path/Frameworks";
				METAL_ENABLE_DEBUG_INFO = NO;
				PRODUCT_NAME = "$(TARGET_NAME)";
				TEST_HOST = "$(BUNDLE_LOADER)";
			};
			name = Release;
		};
/* End XCBuildConfiguration section */

/* Begin XCConfigurationList section */
		9DE338B61943F01D00C8EE04 /* Build configuration list for PBXProject "Swift Tester" */ = {
			isa = XCConfigurationList;
			buildConfigurations = (
				9DE338D81943F01D00C8EE04 /* Debug */,
				9DE338D91943F01D00C8EE04 /* Release */,
			);
			defaultConfigurationIsVisible = 0;
			defaultConfigurationName = Release;
		};
		9DE338DA1943F01D00C8EE04 /* Build configuration list for PBXNativeTarget "Swift Tester" */ = {
			isa = XCConfigurationList;
			buildConfigurations = (
				9DE338DB1943F01D00C8EE04 /* Debug */,
				9DE338DC1943F01D00C8EE04 /* Release */,
			);
			defaultConfigurationIsVisible = 0;
		};
		9DE338DD1943F01D00C8EE04 /* Build configuration list for PBXNativeTarget "Swift TesterTests" */ = {
			isa = XCConfigurationList;
			buildConfigurations = (
				9DE338DE1943F01D00C8EE04 /* Debug */,
				9DE338DF1943F01D00C8EE04 /* Release */,
			);
			defaultConfigurationIsVisible = 0;
		};
/* End XCConfigurationList section */

/* Begin XCVersionGroup section */
		9DE338C21943F01D00C8EE04 /* Swift_Tester.xcdatamodeld */ = {
			isa = XCVersionGroup;
			children = (
				9DE338C31943F01D00C8EE04 /* Swift_Tester.xcdatamodel */,
			);
			currentVersion = 9DE338C31943F01D00C8EE04 /* Swift_Tester.xcdatamodel */;
			path = Swift_Tester.xcdatamodeld;
			sourceTree = "<group>";
			versionGroupType = wrapper.xcdatamodel;
		};
/* End XCVersionGroup section */
	};
	rootObject = 9DE338B31943F01D00C8EE04 /* Project object */;
}
